
Microsoft Visual Studio Solution File, Format Version 12.00
# Visual Studio Version 16
VisualStudioVersion = 16.0.29306.81
MinimumVisualStudioVersion = 10.0.40219.1
Project("{FAE04EC0-301F-11D3-BF4B-00C04F79EFBC}") = "Rectangulo", "Rectangulo\Rectangulo.csproj", "{E63291BB-23B1-49E4-A023-E7EA53382F81}"
EndProject
Global
	GlobalSection(SolutionConfigurationPlatforms) = preSolution
		Debug|Any CPU = Debug|Any CPU
		Release|Any CPU = Release|Any CPU
	EndGlobalSection
	GlobalSection(ProjectConfigurationPlatforms) = postSolution
		{E63291BB-23B1-49E4-A023-E7EA53382F81}.Debug|Any CPU.ActiveCfg = Debug|Any CPU
		{E63291BB-23B1-49E4-A023-E7EA53382F81}.Debug|Any CPU.Build.0 = Debug|Any CPU
		{E63291BB-23B1-49E4-A023-E7EA53382F81}.Release|Any CPU.ActiveCfg = Release|Any CPU
		{E63291BB-23B1-49E4-A023-E7EA53382F81}.Release|Any CPU.Build.0 = Release|Any CPU
	EndGlobalSection
	GlobalSection(SolutionProperties) = preSolution
		HideSolutionNode = FALSE
	EndGlobalSection
	GlobalSection(ExtensibilityGlobals) = postSolution
		SolutionGuid = {C0278023-754C-4F94-A613-6E23C5F6E43E}
	EndGlobalSection
EndGlobal
